
Microsoft Visual Studio Solution File, Format Version 12.00
# Visual Studio Version 16
VisualStudioVersion = 16.0.32802.440
MinimumVisualStudioVersion = 10.0.40219.1
Project("{9A19103F-16F7-4668-BE54-9A1E7A4F7556}") = "WebApplication1", "WebApplication1.csproj", "{DE253E85-FFC7-40A0-B340-235BC18B9E9D}"
EndProject
Global
	GlobalSection(SolutionConfigurationPlatforms) = preSolution
		Debug|Any CPU = Debug|Any CPU
		Release|Any CPU = Release|Any CPU
	EndGlobalSection
	GlobalSection(ProjectConfigurationPlatforms) = postSolution
		{DE253E85-FFC7-40A0-B340-235BC18B9E9D}.Debug|Any CPU.ActiveCfg = Debug|Any CPU
		{DE253E85-FFC7-40A0-B340-235BC18B9E9D}.Debug|Any CPU.Build.0 = Debug|Any CPU
		{DE253E85-FFC7-40A0-B340-235BC18B9E9D}.Release|Any CPU.ActiveCfg = Release|Any CPU
		{DE253E85-FFC7-40A0-B340-235BC18B9E9D}.Release|Any CPU.Build.0 = Release|Any CPU
	EndGlobalSection
	GlobalSection(SolutionProperties) = preSolution
		HideSolutionNode = FALSE
	EndGlobalSection
	GlobalSection(ExtensibilityGlobals) = postSolution
		SolutionGuid = {52BEEA97-4992-4039-8459-E93CE402ABE8}
	EndGlobalSection
EndGlobal
